
Microsoft Visual Studio Solution File, Format Version 12.00
# Visual Studio Version 16
VisualStudioVersion = 16.0.30413.136
MinimumVisualStudioVersion = 10.0.40219.1
Project("{FAE04EC0-301F-11D3-BF4B-00C04F79EFBC}") = "b2c2casusb2d22", "b2c2casusb2d22.csproj", "{BE9F7112-7A0B-418E-B26D-9CE851573362}"
EndProject
Global
	GlobalSection(SolutionConfigurationPlatforms) = preSolution
		Debug|Any CPU = Debug|Any CPU
		Release|Any CPU = Release|Any CPU
	EndGlobalSection
	GlobalSection(ProjectConfigurationPlatforms) = postSolution
		{BE9F7112-7A0B-418E-B26D-9CE851573362}.Debug|Any CPU.ActiveCfg = Debug|Any CPU
		{BE9F7112-7A0B-418E-B26D-9CE851573362}.Debug|Any CPU.Build.0 = Debug|Any CPU
		{BE9F7112-7A0B-418E-B26D-9CE851573362}.Release|Any CPU.ActiveCfg = Release|Any CPU
		{BE9F7112-7A0B-418E-B26D-9CE851573362}.Release|Any CPU.Build.0 = Release|Any CPU
	EndGlobalSection
	GlobalSection(SolutionProperties) = preSolution
		HideSolutionNode = FALSE
	EndGlobalSection
	GlobalSection(ExtensibilityGlobals) = postSolution
		SolutionGuid = {F8F0F1EE-F329-42C1-A462-198EFB1CC879}
	EndGlobalSection
EndGlobal
